
Microsoft Visual Studio Solution File, Format Version 12.00
# Visual Studio Version 17
VisualStudioVersion = 17.4.32804.182
MinimumVisualStudioVersion = 10.0.40219.1
Project("{FAE04EC0-301F-11D3-BF4B-00C04F79EFBC}") = "assignment7_AndreiKazakov", "assignment7_AndreiKazakov.csproj", "{8E867E3E-48A5-4043-AC4A-498C6CFD13B0}"
EndProject
Global
	GlobalSection(SolutionConfigurationPlatforms) = preSolution
		Debug|Any CPU = Debug|Any CPU
		Release|Any CPU = Release|Any CPU
	EndGlobalSection
	GlobalSection(ProjectConfigurationPlatforms) = postSolution
		{8E867E3E-48A5-4043-AC4A-498C6CFD13B0}.Debug|Any CPU.ActiveCfg = Debug|Any CPU
		{8E867E3E-48A5-4043-AC4A-498C6CFD13B0}.Debug|Any CPU.Build.0 = Debug|Any CPU
		{8E867E3E-48A5-4043-AC4A-498C6CFD13B0}.Release|Any CPU.ActiveCfg = Release|Any CPU
		{8E867E3E-48A5-4043-AC4A-498C6CFD13B0}.Release|Any CPU.Build.0 = Release|Any CPU
	EndGlobalSection
	GlobalSection(SolutionProperties) = preSolution
		HideSolutionNode = FALSE
	EndGlobalSection
	GlobalSection(ExtensibilityGlobals) = postSolution
		SolutionGuid = {DEA1B316-B6F0-4DD4-B959-1F19BE8E2BA7}
	EndGlobalSection
EndGlobal
